
Microsoft Visual Studio Solution File, Format Version 11.00
# Visual Studio 2010
# SharpDevelop 5.1
Project("{FAE04EC0-301F-11D3-BF4B-00C04F79EFBC}") = "Integrador", "Integrador\Integrador.csproj", "{A994DA8F-C8E6-4F4D-9245-D99402791C52}"
EndProject
Global
	GlobalSection(SolutionConfigurationPlatforms) = preSolution
		Debug|Any CPU = Debug|Any CPU
		Release|Any CPU = Release|Any CPU
	EndGlobalSection
	GlobalSection(ProjectConfigurationPlatforms) = postSolution
		{A994DA8F-C8E6-4F4D-9245-D99402791C52}.Debug|Any CPU.ActiveCfg = Debug|Any CPU
		{A994DA8F-C8E6-4F4D-9245-D99402791C52}.Debug|Any CPU.Build.0 = Debug|Any CPU
		{A994DA8F-C8E6-4F4D-9245-D99402791C52}.Release|Any CPU.ActiveCfg = Release|Any CPU
		{A994DA8F-C8E6-4F4D-9245-D99402791C52}.Release|Any CPU.Build.0 = Release|Any CPU
	EndGlobalSection
EndGlobal
